
Microsoft Visual Studio Solution File, Format Version 12.00
# Visual Studio 2012
Project("{FAE04EC0-301F-11D3-BF4B-00C04F79EFBC}") = "EzSteam", "EzSteam\EzSteam.csproj", "{8254B04C-943C-4B78-A08B-D350988DEB87}"
EndProject
Project("{FAE04EC0-301F-11D3-BF4B-00C04F79EFBC}") = "Test", "Test\Test.csproj", "{EEB87858-4CDC-4321-9459-6D4763E606B9}"
EndProject
Global
	GlobalSection(SolutionConfigurationPlatforms) = preSolution
		Debug|Any CPU = Debug|Any CPU
		Release|Any CPU = Release|Any CPU
	EndGlobalSection
	GlobalSection(ProjectConfigurationPlatforms) = postSolution
		{8254B04C-943C-4B78-A08B-D350988DEB87}.Debug|Any CPU.ActiveCfg = Debug|Any CPU
		{8254B04C-943C-4B78-A08B-D350988DEB87}.Debug|Any CPU.Build.0 = Debug|Any CPU
		{8254B04C-943C-4B78-A08B-D350988DEB87}.Release|Any CPU.ActiveCfg = Release|Any CPU
		{8254B04C-943C-4B78-A08B-D350988DEB87}.Release|Any CPU.Build.0 = Release|Any CPU
		{EEB87858-4CDC-4321-9459-6D4763E606B9}.Debug|Any CPU.ActiveCfg = Debug|Any CPU
		{EEB87858-4CDC-4321-9459-6D4763E606B9}.Debug|Any CPU.Build.0 = Debug|Any CPU
		{EEB87858-4CDC-4321-9459-6D4763E606B9}.Release|Any CPU.ActiveCfg = Release|Any CPU
		{EEB87858-4CDC-4321-9459-6D4763E606B9}.Release|Any CPU.Build.0 = Release|Any CPU
	EndGlobalSection
	GlobalSection(SolutionProperties) = preSolution
		HideSolutionNode = FALSE
	EndGlobalSection
EndGlobal
